// !$*UTF8*$!
{
	archiveVersion = 1;
	classes = {
	};
	objectVersion = 46;
	objects = {

/* Begin PBXBuildFile section */
		63191B811CCBAF1E00A0C1FA /* IDMaker.swift in Sources */ = {isa = PBXBuildFile; fileRef = 63191B801CCBAF1E00A0C1FA /* IDMaker.swift */; };
		63191B831CCBAF3E00A0C1FA /* Utility.swift in Sources */ = {isa = PBXBuildFile; fileRef = 63191B821CCBAF3E00A0C1FA /* Utility.swift */; };
		63191B851CCBAF8500A0C1FA /* CirclePrimitive.swift in Sources */ = {isa = PBXBuildFile; fileRef = 63191B841CCBAF8500A0C1FA /* CirclePrimitive.swift */; };
		63191B871CCBAFA700A0C1FA /* Group.swift in Sources */ = {isa = PBXBuildFile; fileRef = 63191B861CCBAFA700A0C1FA /* Group.swift */; };
		63191B8A1CCBD26800A0C1FA /* Tool.swift in Sources */ = {isa = PBXBuildFile; fileRef = 63191B891CCBD26800A0C1FA /* Tool.swift */; };
		63191B8D1CCBD7FD00A0C1FA /* CircleTool.swift in Sources */ = {isa = PBXBuildFile; fileRef = 63191B8C1CCBD7FD00A0C1FA /* CircleTool.swift */; };
		63191B911CCC100400A0C1FA /* SelectionTool.swift in Sources */ = {isa = PBXBuildFile; fileRef = 63191B901CCC100400A0C1FA /* SelectionTool.swift */; };
		63191B931CCC145D00A0C1FA /* Kit.swift in Sources */ = {isa = PBXBuildFile; fileRef = 63191B921CCC145D00A0C1FA /* Kit.swift */; };
		63191B951CCC14CA00A0C1FA /* History.swift in Sources */ = {isa = PBXBuildFile; fileRef = 63191B941CCC14CA00A0C1FA /* History.swift */; };
		63191B981CCC473700A0C1FA /* Drawings.swift in Sources */ = {isa = PBXBuildFile; fileRef = 63191B971CCC473700A0C1FA /* Drawings.swift */; };
		63191B9A1CCC474700A0C1FA /* Artboards.swift in Sources */ = {isa = PBXBuildFile; fileRef = 63191B991CCC474700A0C1FA /* Artboards.swift */; };
		63191B9C1CCC477F00A0C1FA /* HistoryItems.swift in Sources */ = {isa = PBXBuildFile; fileRef = 63191B9B1CCC477F00A0C1FA /* HistoryItems.swift */; };
		63191B9E1CCC478D00A0C1FA /* Properties.swift in Sources */ = {isa = PBXBuildFile; fileRef = 63191B9D1CCC478D00A0C1FA /* Properties.swift */; };
		63191BA11CCC480000A0C1FA /* Workspace.swift in Sources */ = {isa = PBXBuildFile; fileRef = 63191BA01CCC480000A0C1FA /* Workspace.swift */; };
		63191BA51CCC48B500A0C1FA /* Property.swift in Sources */ = {isa = PBXBuildFile; fileRef = 63191BA41CCC48B500A0C1FA /* Property.swift */; };
		63191BA71CCC499000A0C1FA /* NavigationTool.swift in Sources */ = {isa = PBXBuildFile; fileRef = 63191BA61CCC499000A0C1FA /* NavigationTool.swift */; };
		63191BA91CCC50D500A0C1FA /* OutlineStyle.swift in Sources */ = {isa = PBXBuildFile; fileRef = 63191BA81CCC50D500A0C1FA /* OutlineStyle.swift */; };
		63191BAC1CCC537800A0C1FA /* Styles.swift in Sources */ = {isa = PBXBuildFile; fileRef = 63191BAB1CCC537800A0C1FA /* Styles.swift */; };
		63191BAE1CCC53E500A0C1FA /* FillStyle.swift in Sources */ = {isa = PBXBuildFile; fileRef = 63191BAD1CCC53E500A0C1FA /* FillStyle.swift */; };
		63191BB21CCC73AE00A0C1FA /* BackgroundObject.swift in Sources */ = {isa = PBXBuildFile; fileRef = 63191BB11CCC73AE00A0C1FA /* BackgroundObject.swift */; };
		63191BB41CCD391300A0C1FA /* TransformTool.swift in Sources */ = {isa = PBXBuildFile; fileRef = 63191BB31CCD391300A0C1FA /* TransformTool.swift */; };
		63191BB61CCD3E9F00A0C1FA /* PathTool.swift in Sources */ = {isa = PBXBuildFile; fileRef = 63191BB51CCD3E9F00A0C1FA /* PathTool.swift */; };
		63191BB81CCD3EE000A0C1FA /* PathPrimitive.swift in Sources */ = {isa = PBXBuildFile; fileRef = 63191BB71CCD3EE000A0C1FA /* PathPrimitive.swift */; };
		63191BBB1CCD3F3400A0C1FA /* UIBezierPath+initFromPointSequence.swift in Sources */ = {isa = PBXBuildFile; fileRef = 63191BBA1CCD3F3400A0C1FA /* UIBezierPath+initFromPointSequence.swift */; };
		6372FB021CC9AD47009834B4 /* AppDelegate.swift in Sources */ = {isa = PBXBuildFile; fileRef = 6372FB011CC9AD47009834B4 /* AppDelegate.swift */; };
		6372FB041CC9AD47009834B4 /* ViewController.swift in Sources */ = {isa = PBXBuildFile; fileRef = 6372FB031CC9AD47009834B4 /* ViewController.swift */; };
		6372FB071CC9AD47009834B4 /* Main.storyboard in Resources */ = {isa = PBXBuildFile; fileRef = 6372FB051CC9AD47009834B4 /* Main.storyboard */; };
		6372FB091CC9AD47009834B4 /* Assets.xcassets in Resources */ = {isa = PBXBuildFile; fileRef = 6372FB081CC9AD47009834B4 /* Assets.xcassets */; };
		6372FB0C1CC9AD47009834B4 /* LaunchScreen.storyboard in Resources */ = {isa = PBXBuildFile; fileRef = 6372FB0A1CC9AD47009834B4 /* LaunchScreen.storyboard */; };
		6372FB151CC9AD55009834B4 /* Models.swift in Sources */ = {isa = PBXBuildFile; fileRef = 6372FB131CC9AD55009834B4 /* Models.swift */; };
		6372FB161CC9AD55009834B4 /* Streams.swift in Sources */ = {isa = PBXBuildFile; fileRef = 6372FB141CC9AD55009834B4 /* Streams.swift */; };
		B3A7C1B37877EBCCDB5F171F /* Pods_Delign.framework in Frameworks */ = {isa = PBXBuildFile; fileRef = 059A2A60906D3F9553EC34ED /* Pods_Delign.framework */; };
/* End PBXBuildFile section */

/* Begin PBXFileReference section */
		038864F5FF78D2A9D9D6C197 /* Pods-Delign.release.xcconfig */ = {isa = PBXFileReference; includeInIndex = 1; lastKnownFileType = text.xcconfig; name = "Pods-Delign.release.xcconfig"; path = "Pods/Target Support Files/Pods-Delign/Pods-Delign.release.xcconfig"; sourceTree = "<group>"; };
		059A2A60906D3F9553EC34ED /* Pods_Delign.framework */ = {isa = PBXFileReference; explicitFileType = wrapper.framework; includeInIndex = 0; path = Pods_Delign.framework; sourceTree = BUILT_PRODUCTS_DIR; };
		5B146B484C23AA00FB260F33 /* Pods-Delign.debug.xcconfig */ = {isa = PBXFileReference; includeInIndex = 1; lastKnownFileType = text.xcconfig; name = "Pods-Delign.debug.xcconfig"; path = "Pods/Target Support Files/Pods-Delign/Pods-Delign.debug.xcconfig"; sourceTree = "<group>"; };
		63191B801CCBAF1E00A0C1FA /* IDMaker.swift */ = {isa = PBXFileReference; fileEncoding = 4; lastKnownFileType = sourcecode.swift; path = IDMaker.swift; sourceTree = "<group>"; };
		63191B821CCBAF3E00A0C1FA /* Utility.swift */ = {isa = PBXFileReference; fileEncoding = 4; lastKnownFileType = sourcecode.swift; path = Utility.swift; sourceTree = "<group>"; };
		63191B841CCBAF8500A0C1FA /* CirclePrimitive.swift */ = {isa = PBXFileReference; fileEncoding = 4; lastKnownFileType = sourcecode.swift; path = CirclePrimitive.swift; sourceTree = "<group>"; };
		63191B861CCBAFA700A0C1FA /* Group.swift */ = {isa = PBXFileReference; fileEncoding = 4; lastKnownFileType = sourcecode.swift; path = Group.swift; sourceTree = "<group>"; };
		63191B891CCBD26800A0C1FA /* Tool.swift */ = {isa = PBXFileReference; fileEncoding = 4; lastKnownFileType = sourcecode.swift; path = Tool.swift; sourceTree = "<group>"; };
		63191B8C1CCBD7FD00A0C1FA /* CircleTool.swift */ = {isa = PBXFileReference; fileEncoding = 4; lastKnownFileType = sourcecode.swift; path = CircleTool.swift; sourceTree = "<group>"; };
		63191B901CCC100400A0C1FA /* SelectionTool.swift */ = {isa = PBXFileReference; fileEncoding = 4; lastKnownFileType = sourcecode.swift; path = SelectionTool.swift; sourceTree = "<group>"; };
		63191B921CCC145D00A0C1FA /* Kit.swift */ = {isa = PBXFileReference; fileEncoding = 4; lastKnownFileType = sourcecode.swift; path = Kit.swift; sourceTree = "<group>"; };
		63191B941CCC14CA00A0C1FA /* History.swift */ = {isa = PBXFileReference; fileEncoding = 4; lastKnownFileType = sourcecode.swift; path = History.swift; sourceTree = "<group>"; };
		63191B971CCC473700A0C1FA /* Drawings.swift */ = {isa = PBXFileReference; fileEncoding = 4; lastKnownFileType = sourcecode.swift; path = Drawings.swift; sourceTree = "<group>"; };
		63191B991CCC474700A0C1FA /* Artboards.swift */ = {isa = PBXFileReference; fileEncoding = 4; lastKnownFileType = sourcecode.swift; path = Artboards.swift; sourceTree = "<group>"; };
		63191B9B1CCC477F00A0C1FA /* HistoryItems.swift */ = {isa = PBXFileReference; fileEncoding = 4; lastKnownFileType = sourcecode.swift; path = HistoryItems.swift; sourceTree = "<group>"; };
		63191B9D1CCC478D00A0C1FA /* Properties.swift */ = {isa = PBXFileReference; fileEncoding = 4; lastKnownFileType = sourcecode.swift; path = Properties.swift; sourceTree = "<group>"; };
		63191BA01CCC480000A0C1FA /* Workspace.swift */ = {isa = PBXFileReference; fileEncoding = 4; lastKnownFileType = sourcecode.swift; path = Workspace.swift; sourceTree = "<group>"; };
		63191BA41CCC48B500A0C1FA /* Property.swift */ = {isa = PBXFileReference; fileEncoding = 4; lastKnownFileType = sourcecode.swift; path = Property.swift; sourceTree = "<group>"; };
		63191BA61CCC499000A0C1FA /* NavigationTool.swift */ = {isa = PBXFileReference; fileEncoding = 4; lastKnownFileType = sourcecode.swift; path = NavigationTool.swift; sourceTree = "<group>"; };
		63191BA81CCC50D500A0C1FA /* OutlineStyle.swift */ = {isa = PBXFileReference; fileEncoding = 4; lastKnownFileType = sourcecode.swift; path = OutlineStyle.swift; sourceTree = "<group>"; };
		63191BAB1CCC537800A0C1FA /* Styles.swift */ = {isa = PBXFileReference; fileEncoding = 4; lastKnownFileType = sourcecode.swift; path = Styles.swift; sourceTree = "<group>"; };
		63191BAD1CCC53E500A0C1FA /* FillStyle.swift */ = {isa = PBXFileReference; fileEncoding = 4; lastKnownFileType = sourcecode.swift; path = FillStyle.swift; sourceTree = "<group>"; };
		63191BB11CCC73AE00A0C1FA /* BackgroundObject.swift */ = {isa = PBXFileReference; fileEncoding = 4; lastKnownFileType = sourcecode.swift; path = BackgroundObject.swift; sourceTree = "<group>"; };
		63191BB31CCD391300A0C1FA /* TransformTool.swift */ = {isa = PBXFileReference; fileEncoding = 4; lastKnownFileType = sourcecode.swift; path = TransformTool.swift; sourceTree = "<group>"; };
		63191BB51CCD3E9F00A0C1FA /* PathTool.swift */ = {isa = PBXFileReference; fileEncoding = 4; lastKnownFileType = sourcecode.swift; path = PathTool.swift; sourceTree = "<group>"; };
		63191BB71CCD3EE000A0C1FA /* PathPrimitive.swift */ = {isa = PBXFileReference; fileEncoding = 4; lastKnownFileType = sourcecode.swift; path = PathPrimitive.swift; sourceTree = "<group>"; };
		63191BBA1CCD3F3400A0C1FA /* UIBezierPath+initFromPointSequence.swift */ = {isa = PBXFileReference; fileEncoding = 4; lastKnownFileType = sourcecode.swift; path = "UIBezierPath+initFromPointSequence.swift"; sourceTree = "<group>"; };
		6372FAFE1CC9AD47009834B4 /* Delign.app */ = {isa = PBXFileReference; explicitFileType = wrapper.application; includeInIndex = 0; path = Delign.app; sourceTree = BUILT_PRODUCTS_DIR; };
		6372FB011CC9AD47009834B4 /* AppDelegate.swift */ = {isa = PBXFileReference; lastKnownFileType = sourcecode.swift; path = AppDelegate.swift; sourceTree = "<group>"; };
		6372FB031CC9AD47009834B4 /* ViewController.swift */ = {isa = PBXFileReference; lastKnownFileType = sourcecode.swift; path = ViewController.swift; sourceTree = "<group>"; };
		6372FB061CC9AD47009834B4 /* Base */ = {isa = PBXFileReference; lastKnownFileType = file.storyboard; name = Base; path = Base.lproj/Main.storyboard; sourceTree = "<group>"; };
		6372FB081CC9AD47009834B4 /* Assets.xcassets */ = {isa = PBXFileReference; lastKnownFileType = folder.assetcatalog; path = Assets.xcassets; sourceTree = "<group>"; };
		6372FB0B1CC9AD47009834B4 /* Base */ = {isa = PBXFileReference; lastKnownFileType = file.storyboard; name = Base; path = Base.lproj/LaunchScreen.storyboard; sourceTree = "<group>"; };
		6372FB0D1CC9AD47009834B4 /* Info.plist */ = {isa = PBXFileReference; lastKnownFileType = text.plist.xml; path = Info.plist; sourceTree = "<group>"; };
		6372FB131CC9AD55009834B4 /* Models.swift */ = {isa = PBXFileReference; fileEncoding = 4; lastKnownFileType = sourcecode.swift; path = Models.swift; sourceTree = "<group>"; };
		6372FB141CC9AD55009834B4 /* Streams.swift */ = {isa = PBXFileReference; fileEncoding = 4; lastKnownFileType = sourcecode.swift; path = Streams.swift; sourceTree = "<group>"; };
/* End PBXFileReference section */

/* Begin PBXFrameworksBuildPhase section */
		6372FAFB1CC9AD47009834B4 /* Frameworks */ = {
			isa = PBXFrameworksBuildPhase;
			buildActionMask = 2147483647;
			files = (
				B3A7C1B37877EBCCDB5F171F /* Pods_Delign.framework in Frameworks */,
			);
			runOnlyForDeploymentPostprocessing = 0;
		};
/* End PBXFrameworksBuildPhase section */

/* Begin PBXGroup section */
		63191B881CCBAFB000A0C1FA /* Objects */ = {
			isa = PBXGroup;
			children = (
				63191B861CCBAFA700A0C1FA /* Group.swift */,
				63191BB11CCC73AE00A0C1FA /* BackgroundObject.swift */,
				63191B841CCBAF8500A0C1FA /* CirclePrimitive.swift */,
				63191BB71CCD3EE000A0C1FA /* PathPrimitive.swift */,
			);
			name = Objects;
			sourceTree = "<group>";
		};
		63191B8B1CCBD7ED00A0C1FA /* Tools */ = {
			isa = PBXGroup;
			children = (
				63191B891CCBD26800A0C1FA /* Tool.swift */,
				63191B8C1CCBD7FD00A0C1FA /* CircleTool.swift */,
				63191B901CCC100400A0C1FA /* SelectionTool.swift */,
				63191BA61CCC499000A0C1FA /* NavigationTool.swift */,
				63191BB31CCD391300A0C1FA /* TransformTool.swift */,
				63191BB51CCD3E9F00A0C1FA /* PathTool.swift */,
			);
			name = Tools;
			sourceTree = "<group>";
		};
		63191B961CCC470A00A0C1FA /* Factories */ = {
			isa = PBXGroup;
			children = (
				63191B971CCC473700A0C1FA /* Drawings.swift */,
				63191B991CCC474700A0C1FA /* Artboards.swift */,
				63191B9B1CCC477F00A0C1FA /* HistoryItems.swift */,
				63191B9D1CCC478D00A0C1FA /* Properties.swift */,
			);
			name = Factories;
			sourceTree = "<group>";
		};
		63191B9F1CCC47E600A0C1FA /* Protocols */ = {
			isa = PBXGroup;
			children = (
				6372FB131CC9AD55009834B4 /* Models.swift */,
				63191B821CCBAF3E00A0C1FA /* Utility.swift */,
			);
			name = Protocols;
			sourceTree = "<group>";
		};
		63191BA21CCC481700A0C1FA /* Core */ = {
			isa = PBXGroup;
			children = (
				63191BA01CCC480000A0C1FA /* Workspace.swift */,
				63191B921CCC145D00A0C1FA /* Kit.swift */,
				63191B941CCC14CA00A0C1FA /* History.swift */,
			);
			name = Core;
			sourceTree = "<group>";
		};
		63191BA31CCC483200A0C1FA /* Streams */ = {
			isa = PBXGroup;
			children = (
				6372FB141CC9AD55009834B4 /* Streams.swift */,
				63191BA41CCC48B500A0C1FA /* Property.swift */,
			);
			name = Streams;
			sourceTree = "<group>";
		};
		63191BAA1CCC536100A0C1FA /* Styles */ = {
			isa = PBXGroup;
			children = (
				63191BAB1CCC537800A0C1FA /* Styles.swift */,
				63191BA81CCC50D500A0C1FA /* OutlineStyle.swift */,
				63191BAD1CCC53E500A0C1FA /* FillStyle.swift */,
			);
			name = Styles;
			sourceTree = "<group>";
		};
		63191BB91CCD3F2700A0C1FA /* Utility */ = {
			isa = PBXGroup;
			children = (
				63191BBA1CCD3F3400A0C1FA /* UIBezierPath+initFromPointSequence.swift */,
			);
			name = Utility;
			sourceTree = "<group>";
		};
		6372FAF51CC9AD47009834B4 = {
			isa = PBXGroup;
			children = (
				6372FB001CC9AD47009834B4 /* Delign */,
				6372FAFF1CC9AD47009834B4 /* Products */,
				FB1A457687CA058DEBD22CDE /* Pods */,
				FAA18441DC7B3FD8048C8455 /* Frameworks */,
			);
			sourceTree = "<group>";
		};
		6372FAFF1CC9AD47009834B4 /* Products */ = {
			isa = PBXGroup;
			children = (
				6372FAFE1CC9AD47009834B4 /* Delign.app */,
			);
			name = Products;
			sourceTree = "<group>";
		};
		6372FB001CC9AD47009834B4 /* Delign */ = {
			isa = PBXGroup;
			children = (
				63191BA21CCC481700A0C1FA /* Core */,
				63191B9F1CCC47E600A0C1FA /* Protocols */,
				63191B961CCC470A00A0C1FA /* Factories */,
				63191B881CCBAFB000A0C1FA /* Objects */,
				63191B8B1CCBD7ED00A0C1FA /* Tools */,
				63191BA31CCC483200A0C1FA /* Streams */,
				63191BAA1CCC536100A0C1FA /* Styles */,
				63191BB91CCD3F2700A0C1FA /* Utility */,
				6372FB011CC9AD47009834B4 /* AppDelegate.swift */,
				6372FB031CC9AD47009834B4 /* ViewController.swift */,
				63191B801CCBAF1E00A0C1FA /* IDMaker.swift */,
				6372FB051CC9AD47009834B4 /* Main.storyboard */,
				6372FB081CC9AD47009834B4 /* Assets.xcassets */,
				6372FB0A1CC9AD47009834B4 /* LaunchScreen.storyboard */,
				6372FB0D1CC9AD47009834B4 /* Info.plist */,
			);
			path = Delign;
			sourceTree = "<group>";
		};
		FAA18441DC7B3FD8048C8455 /* Frameworks */ = {
			isa = PBXGroup;
			children = (
				059A2A60906D3F9553EC34ED /* Pods_Delign.framework */,
			);
			name = Frameworks;
			sourceTree = "<group>";
		};
		FB1A457687CA058DEBD22CDE /* Pods */ = {
			isa = PBXGroup;
			children = (
				5B146B484C23AA00FB260F33 /* Pods-Delign.debug.xcconfig */,
				038864F5FF78D2A9D9D6C197 /* Pods-Delign.release.xcconfig */,
			);
			name = Pods;
			sourceTree = "<group>";
		};
/* End PBXGroup section */

/* Begin PBXNativeTarget section */
		6372FAFD1CC9AD47009834B4 /* Delign */ = {
			isa = PBXNativeTarget;
			buildConfigurationList = 6372FB101CC9AD47009834B4 /* Build configuration list for PBXNativeTarget "Delign" */;
			buildPhases = (
				FB2532F826FBCB7350AC79C4 /* Check Pods Manifest.lock */,
				6372FAFA1CC9AD47009834B4 /* Sources */,
				6372FAFB1CC9AD47009834B4 /* Frameworks */,
				6372FAFC1CC9AD47009834B4 /* Resources */,
				4B5A41C3AA7F9680393A7E26 /* Embed Pods Frameworks */,
				2106452739D20FF9BD60734A /* Copy Pods Resources */,
			);
			buildRules = (
			);
			dependencies = (
			);
			name = Delign;
			productName = Delign;
			productReference = 6372FAFE1CC9AD47009834B4 /* Delign.app */;
			productType = "com.apple.product-type.application";
		};
/* End PBXNativeTarget section */

/* Begin PBXProject section */
		6372FAF61CC9AD47009834B4 /* Project object */ = {
			isa = PBXProject;
			attributes = {
				LastSwiftUpdateCheck = 0730;
				LastUpgradeCheck = 0730;
				ORGANIZATIONNAME = "David Lee";
				TargetAttributes = {
					6372FAFD1CC9AD47009834B4 = {
						CreatedOnToolsVersion = 7.3;
						DevelopmentTeam = YTT8U5LZQJ;
					};
				};
			};
			buildConfigurationList = 6372FAF91CC9AD47009834B4 /* Build configuration list for PBXProject "Delign" */;
			compatibilityVersion = "Xcode 3.2";
			developmentRegion = English;
			hasScannedForEncodings = 0;
			knownRegions = (
				en,
				Base,
			);
			mainGroup = 6372FAF51CC9AD47009834B4;
			productRefGroup = 6372FAFF1CC9AD47009834B4 /* Products */;
			projectDirPath = "";
			projectRoot = "";
			targets = (
				6372FAFD1CC9AD47009834B4 /* Delign */,
			);
		};
/* End PBXProject section */

/* Begin PBXResourcesBuildPhase section */
		6372FAFC1CC9AD47009834B4 /* Resources */ = {
			isa = PBXResourcesBuildPhase;
			buildActionMask = 2147483647;
			files = (
				6372FB0C1CC9AD47009834B4 /* LaunchScreen.storyboard in Resources */,
				6372FB091CC9AD47009834B4 /* Assets.xcassets in Resources */,
				6372FB071CC9AD47009834B4 /* Main.storyboard in Resources */,
			);
			runOnlyForDeploymentPostprocessing = 0;
		};
/* End PBXResourcesBuildPhase section */

/* Begin PBXShellScriptBuildPhase section */
		2106452739D20FF9BD60734A /* Copy Pods Resources */ = {
			isa = PBXShellScriptBuildPhase;
			buildActionMask = 2147483647;
			files = (
			);
			inputPaths = (
			);
			name = "Copy Pods Resources";
			outputPaths = (
			);
			runOnlyForDeploymentPostprocessing = 0;
			shellPath = /bin/sh;
			shellScript = "\"${SRCROOT}/Pods/Target Support Files/Pods-Delign/Pods-Delign-resources.sh\"\n";
			showEnvVarsInLog = 0;
		};
		4B5A41C3AA7F9680393A7E26 /* Embed Pods Frameworks */ = {
			isa = PBXShellScriptBuildPhase;
			buildActionMask = 2147483647;
			files = (
			);
			inputPaths = (
			);
			name = "Embed Pods Frameworks";
			outputPaths = (
			);
			runOnlyForDeploymentPostprocessing = 0;
			shellPath = /bin/sh;
			shellScript = "\"${SRCROOT}/Pods/Target Support Files/Pods-Delign/Pods-Delign-frameworks.sh\"\n";
			showEnvVarsInLog = 0;
		};
		FB2532F826FBCB7350AC79C4 /* Check Pods Manifest.lock */ = {
			isa = PBXShellScriptBuildPhase;
			buildActionMask = 2147483647;
			files = (
			);
			inputPaths = (
			);
			name = "Check Pods Manifest.lock";
			outputPaths = (
			);
			runOnlyForDeploymentPostprocessing = 0;
			shellPath = /bin/sh;
			shellScript = "diff \"${PODS_ROOT}/../Podfile.lock\" \"${PODS_ROOT}/Manifest.lock\" > /dev/null\nif [[ $? != 0 ]] ; then\n    cat << EOM\nerror: The sandbox is not in sync with the Podfile.lock. Run 'pod install' or update your CocoaPods installation.\nEOM\n    exit 1\nfi\n";
			showEnvVarsInLog = 0;
		};
/* End PBXShellScriptBuildPhase section */

/* Begin PBXSourcesBuildPhase section */
		6372FAFA1CC9AD47009834B4 /* Sources */ = {
			isa = PBXSourcesBuildPhase;
			buildActionMask = 2147483647;
			files = (
				63191BB61CCD3E9F00A0C1FA /* PathTool.swift in Sources */,
				6372FB151CC9AD55009834B4 /* Models.swift in Sources */,
				63191B9C1CCC477F00A0C1FA /* HistoryItems.swift in Sources */,
				63191BA51CCC48B500A0C1FA /* Property.swift in Sources */,
				6372FB041CC9AD47009834B4 /* ViewController.swift in Sources */,
				63191B831CCBAF3E00A0C1FA /* Utility.swift in Sources */,
				63191B871CCBAFA700A0C1FA /* Group.swift in Sources */,
				63191B981CCC473700A0C1FA /* Drawings.swift in Sources */,
				63191B9A1CCC474700A0C1FA /* Artboards.swift in Sources */,
				6372FB021CC9AD47009834B4 /* AppDelegate.swift in Sources */,
				63191BA71CCC499000A0C1FA /* NavigationTool.swift in Sources */,
				63191BA91CCC50D500A0C1FA /* OutlineStyle.swift in Sources */,
				63191BAC1CCC537800A0C1FA /* Styles.swift in Sources */,
				63191BBB1CCD3F3400A0C1FA /* UIBezierPath+initFromPointSequence.swift in Sources */,
				63191B8D1CCBD7FD00A0C1FA /* CircleTool.swift in Sources */,
				63191B811CCBAF1E00A0C1FA /* IDMaker.swift in Sources */,
				63191BAE1CCC53E500A0C1FA /* FillStyle.swift in Sources */,
				63191B8A1CCBD26800A0C1FA /* Tool.swift in Sources */,
				63191BB21CCC73AE00A0C1FA /* BackgroundObject.swift in Sources */,
				63191B9E1CCC478D00A0C1FA /* Properties.swift in Sources */,
				63191BB81CCD3EE000A0C1FA /* PathPrimitive.swift in Sources */,
				63191B931CCC145D00A0C1FA /* Kit.swift in Sources */,
				63191B851CCBAF8500A0C1FA /* CirclePrimitive.swift in Sources */,
				63191B951CCC14CA00A0C1FA /* History.swift in Sources */,
				63191BA11CCC480000A0C1FA /* Workspace.swift in Sources */,
				63191B911CCC100400A0C1FA /* SelectionTool.swift in Sources */,
				63191BB41CCD391300A0C1FA /* TransformTool.swift in Sources */,
				6372FB161CC9AD55009834B4 /* Streams.swift in Sources */,
			);
			runOnlyForDeploymentPostprocessing = 0;
		};
/* End PBXSourcesBuildPhase section */

/* Begin PBXVariantGroup section */
		6372FB051CC9AD47009834B4 /* Main.storyboard */ = {
			isa = PBXVariantGroup;
			children = (
				6372FB061CC9AD47009834B4 /* Base */,
			);
			name = Main.storyboard;
			sourceTree = "<group>";
		};
		6372FB0A1CC9AD47009834B4 /* LaunchScreen.storyboard */ = {
			isa = PBXVariantGroup;
			children = (
				6372FB0B1CC9AD47009834B4 /* Base */,
			);
			name = LaunchScreen.storyboard;
			sourceTree = "<group>";
		};
/* End PBXVariantGroup section */

/* Begin XCBuildConfiguration section */
		6372FB0E1CC9AD47009834B4 /* Debug */ = {
			isa = XCBuildConfiguration;
			buildSettings = {
				ALWAYS_SEARCH_USER_PATHS = NO;
				CLANG_ANALYZER_NONNULL = YES;
				CLANG_CXX_LANGUAGE_STANDARD = "gnu++0x";
				CLANG_CXX_LIBRARY = "libc++";
				CLANG_ENABLE_MODULES = YES;
				CLANG_ENABLE_OBJC_ARC = YES;
				CLANG_WARN_BOOL_CONVERSION = YES;
				CLANG_WARN_CONSTANT_CONVERSION = YES;
				CLANG_WARN_DIRECT_OBJC_ISA_USAGE = YES_ERROR;
				CLANG_WARN_EMPTY_BODY = YES;
				CLANG_WARN_ENUM_CONVERSION = YES;
				CLANG_WARN_INT_CONVERSION = YES;
				CLANG_WARN_OBJC_ROOT_CLASS = YES_ERROR;
				CLANG_WARN_UNREACHABLE_CODE = YES;
				CLANG_WARN__DUPLICATE_METHOD_MATCH = YES;
				"CODE_SIGN_IDENTITY[sdk=iphoneos*]" = "iPhone Developer";
				COPY_PHASE_STRIP = NO;
				DEBUG_INFORMATION_FORMAT = dwarf;
				ENABLE_STRICT_OBJC_MSGSEND = YES;
				ENABLE_TESTABILITY = YES;
				GCC_C_LANGUAGE_STANDARD = gnu99;
				GCC_DYNAMIC_NO_PIC = NO;
				GCC_NO_COMMON_BLOCKS = YES;
				GCC_OPTIMIZATION_LEVEL = 0;
				GCC_PREPROCESSOR_DEFINITIONS = (
					"DEBUG=1",
					"$(inherited)",
				);
				GCC_WARN_64_TO_32_BIT_CONVERSION = YES;
				GCC_WARN_ABOUT_RETURN_TYPE = YES_ERROR;
				GCC_WARN_UNDECLARED_SELECTOR = YES;
				GCC_WARN_UNINITIALIZED_AUTOS = YES_AGGRESSIVE;
				GCC_WARN_UNUSED_FUNCTION = YES;
				GCC_WARN_UNUSED_VARIABLE = YES;
				IPHONEOS_DEPLOYMENT_TARGET = 9.3;
				MTL_ENABLE_DEBUG_INFO = YES;
				ONLY_ACTIVE_ARCH = YES;
				SDKROOT = iphoneos;
				SWIFT_OPTIMIZATION_LEVEL = "-Onone";
				TARGETED_DEVICE_FAMILY = 2;
			};
			name = Debug;
		};
		6372FB0F1CC9AD47009834B4 /* Release */ = {
			isa = XCBuildConfiguration;
			buildSettings = {
				ALWAYS_SEARCH_USER_PATHS = NO;
				CLANG_ANALYZER_NONNULL = YES;
				CLANG_CXX_LANGUAGE_STANDARD = "gnu++0x";
				CLANG_CXX_LIBRARY = "libc++";
				CLANG_ENABLE_MODULES = YES;
				CLANG_ENABLE_OBJC_ARC = YES;
				CLANG_WARN_BOOL_CONVERSION = YES;
				CLANG_WARN_CONSTANT_CONVERSION = YES;
				CLANG_WARN_DIRECT_OBJC_ISA_USAGE = YES_ERROR;
				CLANG_WARN_EMPTY_BODY = YES;
				CLANG_WARN_ENUM_CONVERSION = YES;
				CLANG_WARN_INT_CONVERSION = YES;
				CLANG_WARN_OBJC_ROOT_CLASS = YES_ERROR;
				CLANG_WARN_UNREACHABLE_CODE = YES;
				CLANG_WARN__DUPLICATE_METHOD_MATCH = YES;
				"CODE_SIGN_IDENTITY[sdk=iphoneos*]" = "iPhone Developer";
				COPY_PHASE_STRIP = NO;
				DEBUG_INFORMATION_FORMAT = "dwarf-with-dsym";
				ENABLE_NS_ASSERTIONS = NO;
				ENABLE_STRICT_OBJC_MSGSEND = YES;
				GCC_C_LANGUAGE_STANDARD = gnu99;
				GCC_NO_COMMON_BLOCKS = YES;
				GCC_WARN_64_TO_32_BIT_CONVERSION = YES;
				GCC_WARN_ABOUT_RETURN_TYPE = YES_ERROR;
				GCC_WARN_UNDECLARED_SELECTOR = YES;
				GCC_WARN_UNINITIALIZED_AUTOS = YES_AGGRESSIVE;
				GCC_WARN_UNUSED_FUNCTION = YES;
				GCC_WARN_UNUSED_VARIABLE = YES;
				IPHONEOS_DEPLOYMENT_TARGET = 9.3;
				MTL_ENABLE_DEBUG_INFO = NO;
				SDKROOT = iphoneos;
				TARGETED_DEVICE_FAMILY = 2;
				VALIDATE_PRODUCT = YES;
			};
			name = Release;
		};
		6372FB111CC9AD47009834B4 /* Debug */ = {
			isa = XCBuildConfiguration;
			baseConfigurationReference = 5B146B484C23AA00FB260F33 /* Pods-Delign.debug.xcconfig */;
			buildSettings = {
				ASSETCATALOG_COMPILER_APPICON_NAME = AppIcon;
				CODE_SIGN_IDENTITY = "iPhone Developer";
				"CODE_SIGN_IDENTITY[sdk=iphoneos*]" = "iPhone Developer";
				INFOPLIST_FILE = Delign/Info.plist;
				LD_RUNPATH_SEARCH_PATHS = "$(inherited) @executable_path/Frameworks";
				PRODUCT_BUNDLE_IDENTIFIER = com.dil.Delign;
				PRODUCT_NAME = "$(TARGET_NAME)";
				PROVISIONING_PROFILE = "";
			};
			name = Debug;
		};
		6372FB121CC9AD47009834B4 /* Release */ = {
			isa = XCBuildConfiguration;
			baseConfigurationReference = 038864F5FF78D2A9D9D6C197 /* Pods-Delign.release.xcconfig */;
			buildSettings = {
				ASSETCATALOG_COMPILER_APPICON_NAME = AppIcon;
				CODE_SIGN_IDENTITY = "iPhone Developer";
				"CODE_SIGN_IDENTITY[sdk=iphoneos*]" = "iPhone Developer";
				INFOPLIST_FILE = Delign/Info.plist;
				LD_RUNPATH_SEARCH_PATHS = "$(inherited) @executable_path/Frameworks";
				PRODUCT_BUNDLE_IDENTIFIER = com.dil.Delign;
				PRODUCT_NAME = "$(TARGET_NAME)";
				PROVISIONING_PROFILE = "";
			};
			name = Release;
		};
/* End XCBuildConfiguration section */

/* Begin XCConfigurationList section */
		6372FAF91CC9AD47009834B4 /* Build configuration list for PBXProject "Delign" */ = {
			isa = XCConfigurationList;
			buildConfigurations = (
				6372FB0E1CC9AD47009834B4 /* Debug */,
				6372FB0F1CC9AD47009834B4 /* Release */,
			);
			defaultConfigurationIsVisible = 0;
			defaultConfigurationName = Release;
		};
		6372FB101CC9AD47009834B4 /* Build configuration list for PBXNativeTarget "Delign" */ = {
			isa = XCConfigurationList;
			buildConfigurations = (
				6372FB111CC9AD47009834B4 /* Debug */,
				6372FB121CC9AD47009834B4 /* Release */,
			);
			defaultConfigurationIsVisible = 0;
			defaultConfigurationName = Release;
		};
/* End XCConfigurationList section */
	};
	rootObject = 6372FAF61CC9AD47009834B4 /* Project object */;
}
